
Microsoft Visual Studio Solution File, Format Version 12.00
# Visual Studio Version 16
VisualStudioVersion = 16.0.30523.141
MinimumVisualStudioVersion = 10.0.40219.1
Project("{FAE04EC0-301F-11D3-BF4B-00C04F79EFBC}") = "design_patterns", "design_patterns.csproj", "{A5A122C1-7DD2-405F-9B74-0B552A15E615}"
EndProject
Global
	GlobalSection(SolutionConfigurationPlatforms) = preSolution
		Debug|Any CPU = Debug|Any CPU
		Release|Any CPU = Release|Any CPU
	EndGlobalSection
	GlobalSection(ProjectConfigurationPlatforms) = postSolution
		{A5A122C1-7DD2-405F-9B74-0B552A15E615}.Debug|Any CPU.ActiveCfg = Debug|Any CPU
		{A5A122C1-7DD2-405F-9B74-0B552A15E615}.Debug|Any CPU.Build.0 = Debug|Any CPU
		{A5A122C1-7DD2-405F-9B74-0B552A15E615}.Release|Any CPU.ActiveCfg = Release|Any CPU
		{A5A122C1-7DD2-405F-9B74-0B552A15E615}.Release|Any CPU.Build.0 = Release|Any CPU
	EndGlobalSection
	GlobalSection(SolutionProperties) = preSolution
		HideSolutionNode = FALSE
	EndGlobalSection
	GlobalSection(ExtensibilityGlobals) = postSolution
		SolutionGuid = {39BE156E-DE9B-4FD2-A5F1-9544A20F7739}
	EndGlobalSection
EndGlobal
